#MicroXplorer Configuration settings - do not modify
CAD.formats=
CAD.pinconfig=
CAD.provider=
CORTEX_M7.CPU_DCache=Enabled
CORTEX_M7.CPU_ICache=Enabled
CORTEX_M7.IPParameters=CPU_ICache,CPU_DCache,MPU_Control
CORTEX_M7.MPU_Control=__NULL
File.Version=6
KeepUserPlacement=false
Mcu.CPN=STM32H7B0VBT6
Mcu.Family=STM32H7
Mcu.IP0=CORTEX_M7
Mcu.IP1=MDMA
Mcu.IP2=NVIC
Mcu.IP3=OCTOSPI1
Mcu.IP4=RCC
Mcu.IP5=USB_OTG_HS
Mcu.IPNb=6
Mcu.Name=STM32H7B0VBTx
Mcu.Package=LQFP100
Mcu.Pin0=PC14-OSC32_IN
Mcu.Pin1=PC15-OSC32_OUT
Mcu.Pin10=PA7
Mcu.Pin11=PC5
Mcu.Pin12=PB0
Mcu.Pin13=PB1
Mcu.Pin14=PB2
Mcu.Pin15=PE7
Mcu.Pin16=PE8
Mcu.Pin17=PE9
Mcu.Pin18=PE11
Mcu.Pin19=PB10
Mcu.Pin2=PH0-OSC_IN
Mcu.Pin20=PB11
Mcu.Pin21=PB12
Mcu.Pin22=PB13
Mcu.Pin23=PD11
Mcu.Pin24=PD12
Mcu.Pin25=PD7
Mcu.Pin26=PB5
Mcu.Pin27=VP_OCTOSPI1_VS_octo
Mcu.Pin3=PH1-OSC_OUT
Mcu.Pin4=PC0
Mcu.Pin5=PC2_C
Mcu.Pin6=PC3_C
Mcu.Pin7=PA3
Mcu.Pin8=PA5
Mcu.Pin9=PA6
Mcu.PinsNb=28
Mcu.ThirdPartyNb=0
Mcu.UserConstants=
Mcu.UserName=STM32H7B0VBTx
Mdma.MDMA_Channel0.OCTOSPI1_FIFO_TH.0.BlockCount=0
Mdma.MDMA_Channel0.OCTOSPI1_FIFO_TH.0.BlockDataLength=0
Mdma.MDMA_Channel0.OCTOSPI1_FIFO_TH.0.BufferTransferLength=128
Mdma.MDMA_Channel0.OCTOSPI1_FIFO_TH.0.CircularMode=MDMA_LINEAR_LIST
Mdma.MDMA_Channel0.OCTOSPI1_FIFO_TH.0.DataAlignment=MDMA_DATAALIGN_PACKENABLE
Mdma.MDMA_Channel0.OCTOSPI1_FIFO_TH.0.DestBlockAddressOffset=0
Mdma.MDMA_Channel0.OCTOSPI1_FIFO_TH.0.DestBurst=MDMA_DEST_BURST_128BEATS
Mdma.MDMA_Channel0.OCTOSPI1_FIFO_TH.0.DestDataSize=MDMA_DEST_DATASIZE_BYTE
Mdma.MDMA_Channel0.OCTOSPI1_FIFO_TH.0.DestinationInc=MDMA_DEST_INC_DISABLE
Mdma.MDMA_Channel0.OCTOSPI1_FIFO_TH.0.DstAddress=0
Mdma.MDMA_Channel0.OCTOSPI1_FIFO_TH.0.Endianness=MDMA_LITTLE_ENDIANNESS_PRESERVE
Mdma.MDMA_Channel0.OCTOSPI1_FIFO_TH.0.Instance=MDMA_Channel0
Mdma.MDMA_Channel0.OCTOSPI1_FIFO_TH.0.MaskAddress=0
Mdma.MDMA_Channel0.OCTOSPI1_FIFO_TH.0.MaskData=0
Mdma.MDMA_Channel0.OCTOSPI1_FIFO_TH.0.Priority=MDMA_PRIORITY_LOW
Mdma.MDMA_Channel0.OCTOSPI1_FIFO_TH.0.Rank=First
Mdma.MDMA_Channel0.OCTOSPI1_FIFO_TH.0.RequestParameters=Instance,CircularMode,TransferTriggerMode,Priority,Endianness,SourceInc,DestinationInc,SourceDataSize,DestDataSize,DataAlignment,BufferTransferLength,SourceBurst,DestBurst,SourceBlockAddressOffset,DestBlockAddressOffset,MaskAddress,MaskData,SrcAddress,DstAddress,BlockDataLength,BlockCount,Rank
Mdma.MDMA_Channel0.OCTOSPI1_FIFO_TH.0.SourceBlockAddressOffset=0
Mdma.MDMA_Channel0.OCTOSPI1_FIFO_TH.0.SourceBurst=MDMA_SOURCE_BURST_128BEATS
Mdma.MDMA_Channel0.OCTOSPI1_FIFO_TH.0.SourceDataSize=MDMA_SRC_DATASIZE_BYTE
Mdma.MDMA_Channel0.OCTOSPI1_FIFO_TH.0.SourceInc=MDMA_SRC_INC_DISABLE
Mdma.MDMA_Channel0.OCTOSPI1_FIFO_TH.0.SrcAddress=0
Mdma.MDMA_Channel0.OCTOSPI1_FIFO_TH.0.TransferTriggerMode=MDMA_BUFFER_TRANSFER
Mdma.MDMA_Channel0.Request0=OCTOSPI1_FIFO_TH
Mdma.MDMA_Channel0.RequestsNb=1
Mdma.RequestSet0=MDMA_Channel0
Mdma.RequestSetsNb=1
MxCube.Version=6.7.0
MxDb.Version=DB.6.0.70
NVIC.BusFault_IRQn=true\:0\:0\:false\:false\:true\:false\:false\:false
NVIC.DebugMonitor_IRQn=true\:0\:0\:false\:false\:true\:false\:false\:false
NVIC.ForceEnableDMAVector=true
NVIC.HardFault_IRQn=true\:0\:0\:false\:false\:true\:false\:false\:false
NVIC.MDMA_IRQn=true\:0\:0\:false\:false\:true\:false\:true\:true
NVIC.MemoryManagement_IRQn=true\:0\:0\:false\:false\:true\:false\:false\:false
NVIC.NonMaskableInt_IRQn=true\:0\:0\:false\:false\:true\:false\:false\:false
NVIC.OCTOSPI1_IRQn=true\:0\:0\:false\:false\:true\:true\:true\:true
NVIC.OTG_HS_IRQn=true\:0\:0\:false\:false\:true\:true\:true\:true
NVIC.PendSV_IRQn=true\:0\:0\:false\:false\:true\:false\:false\:false
NVIC.PriorityGroup=NVIC_PRIORITYGROUP_4
NVIC.SVCall_IRQn=true\:0\:0\:false\:false\:true\:false\:false\:false
NVIC.SysTick_IRQn=true\:15\:0\:false\:false\:true\:false\:true\:false
NVIC.UsageFault_IRQn=true\:0\:0\:false\:false\:true\:false\:false\:false
OCTOSPI1.ClockPrescaler=2
OCTOSPI1.DeviceSize=32
OCTOSPI1.IPParameters=MemoryType,DeviceSize,ClockPrescaler,SampleShifting
OCTOSPI1.MemoryType=HAL_OSPI_MEMTYPE_APMEMORY
OCTOSPI1.SampleShifting=HAL_OSPI_SAMPLE_SHIFTING_HALFCYCLE
PA3.Mode=Device_HS
PA3.Signal=USB_OTG_HS_ULPI_D0
PA5.Mode=Device_HS
PA5.Signal=USB_OTG_HS_ULPI_CK
PA6.Locked=true
PA6.Mode=OCTOSPI1_IOL_Port1L
PA6.Signal=OCTOSPIM_P1_IO3
PA7.Locked=true
PA7.Mode=OCTOSPI1_IOL_Port1L
PA7.Signal=OCTOSPIM_P1_IO2
PB0.Mode=Device_HS
PB0.Signal=USB_OTG_HS_ULPI_D1
PB1.Mode=Device_HS
PB1.Signal=USB_OTG_HS_ULPI_D2
PB10.Mode=Device_HS
PB10.Signal=USB_OTG_HS_ULPI_D3
PB11.Mode=Device_HS
PB11.Signal=USB_OTG_HS_ULPI_D4
PB12.Mode=Device_HS
PB12.Signal=USB_OTG_HS_ULPI_D5
PB13.Mode=Device_HS
PB13.Signal=USB_OTG_HS_ULPI_D6
PB2.Locked=true
PB2.Mode=O1_P1_CLK
PB2.Signal=OCTOSPIM_P1_CLK
PB5.Mode=Device_HS
PB5.Signal=USB_OTG_HS_ULPI_D7
PC0.Mode=Device_HS
PC0.Signal=USB_OTG_HS_ULPI_STP
PC14-OSC32_IN.Mode=LSE-External-Oscillator
PC14-OSC32_IN.Signal=RCC_OSC32_IN
PC15-OSC32_OUT.Mode=LSE-External-Oscillator
PC15-OSC32_OUT.Signal=RCC_OSC32_OUT
PC2_C.Mode=Device_HS
PC2_C.Signal=USB_OTG_HS_ULPI_DIR
PC3_C.Mode=Device_HS
PC3_C.Signal=USB_OTG_HS_ULPI_NXT
PC5.Locked=true
PC5.Mode=OCTOSPI1_Port1_DQS
PC5.Signal=OCTOSPIM_P1_DQS
PD11.Locked=true
PD11.Mode=OCTOSPI1_IOL_Port1L
PD11.Signal=OCTOSPIM_P1_IO0
PD12.Locked=true
PD12.Mode=OCTOSPI1_IOL_Port1L
PD12.Signal=OCTOSPIM_P1_IO1
PD7.Locked=true
PD7.Mode=OCTOSPI1_IOH_Port1H
PD7.Signal=OCTOSPIM_P1_IO7
PE11.Locked=true
PE11.Mode=OCTOSPI1_Port1_NCS
PE11.Signal=OCTOSPIM_P1_NCS
PE7.Locked=true
PE7.Mode=OCTOSPI1_IOH_Port1H
PE7.Signal=OCTOSPIM_P1_IO4
PE8.Locked=true
PE8.Mode=OCTOSPI1_IOH_Port1H
PE8.Signal=OCTOSPIM_P1_IO5
PE9.Locked=true
PE9.Mode=OCTOSPI1_IOH_Port1H
PE9.Signal=OCTOSPIM_P1_IO6
PH0-OSC_IN.Mode=HSE-External-Oscillator
PH0-OSC_IN.Signal=RCC_OSC_IN
PH1-OSC_OUT.Mode=HSE-External-Oscillator
PH1-OSC_OUT.Signal=RCC_OSC_OUT
PinOutPanel.RotationAngle=0
ProjectManager.AskForMigrate=true
ProjectManager.BackupPrevious=false
ProjectManager.CompilerOptimize=6
ProjectManager.ComputerToolchain=false
ProjectManager.CoupleFile=false
ProjectManager.CustomerFirmwarePackage=
ProjectManager.DefaultFWLocation=true
ProjectManager.DeletePrevious=true
ProjectManager.DeviceId=STM32H7B0VBTx
ProjectManager.FirmwarePackage=STM32Cube FW_H7 V1.11.0
ProjectManager.FreePins=false
ProjectManager.HalAssertFull=false
ProjectManager.HeapSize=0x200
ProjectManager.KeepUserCode=true
ProjectManager.LastFirmware=true
ProjectManager.LibraryCopy=1
ProjectManager.MainLocation=Core/Src
ProjectManager.NoMain=false
ProjectManager.PreviousToolchain=
ProjectManager.ProjectBuild=false
ProjectManager.ProjectFileName=usb_octospi.ioc
ProjectManager.ProjectName=usb_octospi
ProjectManager.RegisterCallBack=
ProjectManager.StackSize=0x400
ProjectManager.TargetToolchain=STM32CubeIDE
ProjectManager.ToolChainLocation=
ProjectManager.UnderRoot=true
ProjectManager.functionlistsort=1-SystemClock_Config-RCC-false-HAL-false,2-MX_GPIO_Init-GPIO-false-HAL-true,3-MX_MDMA_Init-MDMA-false-HAL-true,4-MX_OCTOSPI1_Init-OCTOSPI1-false-HAL-true,5-MX_USB_OTG_HS_PCD_Init-USB_OTG_HS-false-HAL-true,0-MX_CORTEX_M7_Init-CORTEX_M7-false-HAL-true
RCC.ADCFreq_Value=240000000
RCC.AHB12Freq_Value=280000000
RCC.AHB4Freq_Value=280000000
RCC.APB1Freq_Value=140000000
RCC.APB2Freq_Value=140000000
RCC.APB3Freq_Value=140000000
RCC.APB4Freq_Value=140000000
RCC.AXIClockFreq_Value=280000000
RCC.CDCPREFreq_Value=280000000
RCC.CDPPRE=RCC_APB3_DIV2
RCC.CDPPRE1=RCC_APB1_DIV2
RCC.CDPPRE2=RCC_APB2_DIV2
RCC.CECFreq_Value=32000
RCC.CKPERFreq_Value=64000000
RCC.CortexFreq_Value=280000000
RCC.CpuClockFreq_Value=280000000
RCC.DAC1Freq_Value=32000
RCC.DAC2Freq_Value=32000
RCC.DFSDM2ACLkFreq_Value=140000000
RCC.DFSDM2Freq_Value=140000000
RCC.DFSDMACLkFreq_Value=280000000
RCC.DFSDMFreq_Value=140000000
RCC.DIVM1=5
RCC.DIVM2=5
RCC.DIVM3=25
RCC.DIVN1=112
RCC.DIVN2=96
RCC.DIVN3=144
RCC.DIVP1Freq_Value=280000000
RCC.DIVP2Freq_Value=240000000
RCC.DIVP3Freq_Value=72000000
RCC.DIVQ1Freq_Value=280000000
RCC.DIVQ2Freq_Value=240000000
RCC.DIVQ3=3
RCC.DIVQ3Freq_Value=48000000
RCC.DIVR1Freq_Value=280000000
RCC.DIVR2=8
RCC.DIVR2Freq_Value=60000000
RCC.DIVR3Freq_Value=72000000
RCC.FDCANFreq_Value=280000000
RCC.FMCFreq_Value=280000000
RCC.FamilyName=M
RCC.HCLK3ClockFreq_Value=280000000
RCC.HCLKFreq_Value=280000000
RCC.HSE_VALUE=25000000
RCC.I2C123Freq_Value=140000000
RCC.I2C4Freq_Value=140000000
RCC.IPParameters=ADCFreq_Value,AHB12Freq_Value,AHB4Freq_Value,APB1Freq_Value,APB2Freq_Value,APB3Freq_Value,APB4Freq_Value,AXIClockFreq_Value,CDCPREFreq_Value,CDPPRE,CDPPRE1,CDPPRE2,CECFreq_Value,CKPERFreq_Value,CortexFreq_Value,CpuClockFreq_Value,DAC1Freq_Value,DAC2Freq_Value,DFSDM2ACLkFreq_Value,DFSDM2Freq_Value,DFSDMACLkFreq_Value,DFSDMFreq_Value,DIVM1,DIVM2,DIVM3,DIVN1,DIVN2,DIVN3,DIVP1Freq_Value,DIVP2Freq_Value,DIVP3Freq_Value,DIVQ1Freq_Value,DIVQ2Freq_Value,DIVQ3,DIVQ3Freq_Value,DIVR1Freq_Value,DIVR2,DIVR2Freq_Value,DIVR3Freq_Value,FDCANFreq_Value,FMCFreq_Value,FamilyName,HCLK3ClockFreq_Value,HCLKFreq_Value,HSE_VALUE,I2C123Freq_Value,I2C4Freq_Value,LPTIM1Freq_Value,LPTIM2Freq_Value,LPTIM345Freq_Value,LPUART1Freq_Value,LTDCFreq_Value,MCO1PinFreq_Value,MCO2PinFreq_Value,QSPICLockSelection,QSPIFreq_Value,RNGFreq_Value,RTCFreq_Value,SAI1Freq_Value,SAI2AFreq_Value,SAI2BFreq_Value,SDMMCFreq_Value,SPDIFRXFreq_Value,SPI123Freq_Value,SPI45Freq_Value,SPI6Freq_Value,SRDPPRE,SWPMI1Freq_Value,SYSCLKFreq_VALUE,SYSCLKSource,Tim1OutputFreq_Value,Tim2OutputFreq_Value,TraceFreq_Value,USART16Freq_Value,USART234578Freq_Value,USBCLockSelection,USBFreq_Value,VCO1OutputFreq_Value,VCO2OutputFreq_Value,VCO3OutputFreq_Value,VCOInput1Freq_Value,VCOInput2Freq_Value,VCOInput3Freq_Value
RCC.LPTIM1Freq_Value=140000000
RCC.LPTIM2Freq_Value=140000000
RCC.LPTIM345Freq_Value=140000000
RCC.LPUART1Freq_Value=140000000
RCC.LTDCFreq_Value=72000000
RCC.MCO1PinFreq_Value=64000000
RCC.MCO2PinFreq_Value=280000000
RCC.QSPICLockSelection=RCC_OSPICLKSOURCE_PLL2
RCC.QSPIFreq_Value=60000000
RCC.RNGFreq_Value=48000000
RCC.RTCFreq_Value=32000
RCC.SAI1Freq_Value=280000000
RCC.SAI2AFreq_Value=280000000
RCC.SAI2BFreq_Value=280000000
RCC.SDMMCFreq_Value=280000000
RCC.SPDIFRXFreq_Value=280000000
RCC.SPI123Freq_Value=280000000
RCC.SPI45Freq_Value=140000000
RCC.SPI6Freq_Value=140000000
RCC.SRDPPRE=RCC_APB4_DIV2
RCC.SWPMI1Freq_Value=140000000
RCC.SYSCLKFreq_VALUE=280000000
RCC.SYSCLKSource=RCC_SYSCLKSOURCE_PLLCLK
RCC.Tim1OutputFreq_Value=280000000
RCC.Tim2OutputFreq_Value=280000000
RCC.TraceFreq_Value=64000000
RCC.USART16Freq_Value=140000000
RCC.USART234578Freq_Value=140000000
RCC.USBCLockSelection=RCC_USBCLKSOURCE_PLL3
RCC.USBFreq_Value=48000000
RCC.VCO1OutputFreq_Value=560000000
RCC.VCO2OutputFreq_Value=480000000
RCC.VCO3OutputFreq_Value=144000000
RCC.VCOInput1Freq_Value=5000000
RCC.VCOInput2Freq_Value=5000000
RCC.VCOInput3Freq_Value=1000000
USB_OTG_HS.IPParameters=VirtualMode-Device_HS
USB_OTG_HS.VirtualMode-Device_HS=Device_HS
VP_OCTOSPI1_VS_octo.Mode=octo_mode
VP_OCTOSPI1_VS_octo.Signal=OCTOSPI1_VS_octo
board=custom
isbadioc=false
